"@datacamp/waffles@npm:~1.17.0":
  version: 1.17.1
  resolution: "@datacamp/waffles@npm:1.17.1"
  dependencies:
    "@floating-ui/react-dom-interactions": "^0.10.3"
    "@react-aria/focus": "^3.10.0"
    "@react-aria/utils": "^3.14.1"
    nanoid: "^3.3.4"
    react-range: "^1.8.14"

"nanoid@npm:^3.3.4":
  version: 3.3.7
  resolution: "nanoid@npm:3.3.7"
  bin:
    nanoid: "bin/nanoid.cjs"
  checksum: "d36c427e530713e4ac6567d488b489a36582ef89da1d6d4e3b87eded11eb10d7042a877958c6f104929809b2ab0bafa17652b076cdf84324aa75b30b722204f2"
  languageName: "node"
  linkType: "hard"
